dependencies:
- name: postgresql
  repository: https://charts.bitnami.com/bitnami
  version: 12.1.2
- name: common
  repository: https://charts.bitnami.com/bitnami
  version: 2.1.2
digest: sha256:b3db47b69f3ce4b7bd84dbba3d1ac7d462be0e7e4f4c98464ac6fe22c69a69dd
generated: "2022-11-11T18:52:57.892631+01:00"
